// !$*UTF8*$!
{
	archiveVersion = 1;
	classes = {
	};
	objectVersion = 55;
	objects = {

/* Begin PBXBuildFile section */
		2A2F412B28C13B50009E9289 /* PinchApp.swift in Sources */ = {isa = PBXBuildFile; fileRef = 2A2F412A28C13B50009E9289 /* PinchApp.swift */; };
		2A2F412D28C13B50009E9289 /* ContentView.swift in Sources */ = {isa = PBXBuildFile; fileRef = 2A2F412C28C13B50009E9289 /* ContentView.swift */; };
		2A2F412F28C13B55009E9289 /* Assets.xcassets in Resources */ = {isa = PBXBuildFile; fileRef = 2A2F412E28C13B55009E9289 /* Assets.xcassets */; };
		2A2F413228C13B55009E9289 /* Preview Assets.xcassets in Resources */ = {isa = PBXBuildFile; fileRef = 2A2F413128C13B55009E9289 /* Preview Assets.xcassets */; };
		2A2F413C28C13B55009E9289 /* PinchTests.swift in Sources */ = {isa = PBXBuildFile; fileRef = 2A2F413B28C13B55009E9289 /* PinchTests.swift */; };
		2A2F414628C13B55009E9289 /* PinchUITests.swift in Sources */ = {isa = PBXBuildFile; fileRef = 2A2F414528C13B55009E9289 /* PinchUITests.swift */; };
		2A2F414828C13B55009E9289 /* PinchUITestsLaunchTests.swift in Sources */ = {isa = PBXBuildFile; fileRef = 2A2F414728C13B55009E9289 /* PinchUITestsLaunchTests.swift */; };
		2A58C3AC28C15784005D3BF7 /* InfoPanelView.swift in Sources */ = {isa = PBXBuildFile; fileRef = 2A58C3AB28C15784005D3BF7 /* InfoPanelView.swift */; };
		2A6680A328C6590C0024D53E /* PageModel.swift in Sources */ = {isa = PBXBuildFile; fileRef = 2A6680A228C6590C0024D53E /* PageModel.swift */; };
		2A6680A528C6597A0024D53E /* PageData.swift in Sources */ = {isa = PBXBuildFile; fileRef = 2A6680A428C6597A0024D53E /* PageData.swift */; };
		2A6986C128C5582D0024827F /* ControllsView.swift in Sources */ = {isa = PBXBuildFile; fileRef = 2A6986C028C5582D0024827F /* ControllsView.swift */; };
/* End PBXBuildFile section */

/* Begin PBXContainerItemProxy section */
		2A2F413828C13B55009E9289 /* PBXContainerItemProxy */ = {
			isa = PBXContainerItemProxy;
			containerPortal = 2A2F411F28C13B50009E9289 /* Project object */;
			proxyType = 1;
			remoteGlobalIDString = 2A2F412628C13B50009E9289;
			remoteInfo = Pinch;
		};
		2A2F414228C13B55009E9289 /* PBXContainerItemProxy */ = {
			isa = PBXContainerItemProxy;
			containerPortal = 2A2F411F28C13B50009E9289 /* Project object */;
			proxyType = 1;
			remoteGlobalIDString = 2A2F412628C13B50009E9289;
			remoteInfo = Pinch;
		};
/* End PBXContainerItemProxy section */

/* Begin PBXFileReference section */
		2A2F412728C13B50009E9289 /* Pinch.app */ = {isa = PBXFileReference; explicitFileType = wrapper.application; includeInIndex = 0; path = Pinch.app; sourceTree = BUILT_PRODUCTS_DIR; };
		2A2F412A28C13B50009E9289 /* PinchApp.swift */ = {isa = PBXFileReference; lastKnownFileType = sourcecode.swift; path = PinchApp.swift; sourceTree = "<group>"; };
		2A2F412C28C13B50009E9289 /* ContentView.swift */ = {isa = PBXFileReference; lastKnownFileType = sourcecode.swift; path = ContentView.swift; sourceTree = "<group>"; };
		2A2F412E28C13B55009E9289 /* Assets.xcassets */ = {isa = PBXFileReference; lastKnownFileType = folder.assetcatalog; path = Assets.xcassets; sourceTree = "<group>"; };
		2A2F413128C13B55009E9289 /* Preview Assets.xcassets */ = {isa = PBXFileReference; lastKnownFileType = folder.assetcatalog; path = "Preview Assets.xcassets"; sourceTree = "<group>"; };
		2A2F413728C13B55009E9289 /* PinchTests.xctest */ = {isa = PBXFileReference; explicitFileType = wrapper.cfbundle; includeInIndex = 0; path = PinchTests.xctest; sourceTree = BUILT_PRODUCTS_DIR; };
		2A2F413B28C13B55009E9289 /* PinchTests.swift */ = {isa = PBXFileReference; lastKnownFileType = sourcecode.swift; path = PinchTests.swift; sourceTree = "<group>"; };
		2A2F414128C13B55009E9289 /* PinchUITests.xctest */ = {isa = PBXFileReference; explicitFileType = wrapper.cfbundle; includeInIndex = 0; path = PinchUITests.xctest; sourceTree = BUILT_PRODUCTS_DIR; };
		2A2F414528C13B55009E9289 /* PinchUITests.swift */ = {isa = PBXFileReference; lastKnownFileType = sourcecode.swift; path = PinchUITests.swift; sourceTree = "<group>"; };
		2A2F414728C13B55009E9289 /* PinchUITestsLaunchTests.swift */ = {isa = PBXFileReference; lastKnownFileType = sourcecode.swift; path = PinchUITestsLaunchTests.swift; sourceTree = "<group>"; };
		2A58C3AB28C15784005D3BF7 /* InfoPanelView.swift */ = {isa = PBXFileReference; lastKnownFileType = sourcecode.swift; path = InfoPanelView.swift; sourceTree = "<group>"; };
		2A6680A228C6590C0024D53E /* PageModel.swift */ = {isa = PBXFileReference; lastKnownFileType = sourcecode.swift; path = PageModel.swift; sourceTree = "<group>"; };
		2A6680A428C6597A0024D53E /* PageData.swift */ = {isa = PBXFileReference; lastKnownFileType = sourcecode.swift; path = PageData.swift; sourceTree = "<group>"; };
		2A6986C028C5582D0024827F /* ControllsView.swift */ = {isa = PBXFileReference; lastKnownFileType = sourcecode.swift; path = ControllsView.swift; sourceTree = "<group>"; };
/* End PBXFileReference section */

/* Begin PBXFrameworksBuildPhase section */
		2A2F412428C13B50009E9289 /* Frameworks */ = {
			isa = PBXFrameworksBuildPhase;
			buildActionMask = 2147483647;
			files = (
			);
			runOnlyForDeploymentPostprocessing = 0;
		};
		2A2F413428C13B55009E9289 /* Frameworks */ = {
			isa = PBXFrameworksBuildPhase;
			buildActionMask = 2147483647;
			files = (
			);
			runOnlyForDeploymentPostprocessing = 0;
		};
		2A2F413E28C13B55009E9289 /* Frameworks */ = {
			isa = PBXFrameworksBuildPhase;
			buildActionMask = 2147483647;
			files = (
			);
			runOnlyForDeploymentPostprocessing = 0;
		};
/* End PBXFrameworksBuildPhase section */

/* Begin PBXGroup section */
		2A2F411E28C13B50009E9289 = {
			isa = PBXGroup;
			children = (
				2A2F412928C13B50009E9289 /* Pinch */,
				2A2F413A28C13B55009E9289 /* PinchTests */,
				2A2F414428C13B55009E9289 /* PinchUITests */,
				2A2F412828C13B50009E9289 /* Products */,
			);
			sourceTree = "<group>";
		};
		2A2F412828C13B50009E9289 /* Products */ = {
			isa = PBXGroup;
			children = (
				2A2F412728C13B50009E9289 /* Pinch.app */,
				2A2F413728C13B55009E9289 /* PinchTests.xctest */,
				2A2F414128C13B55009E9289 /* PinchUITests.xctest */,
			);
			name = Products;
			sourceTree = "<group>";
		};
		2A2F412928C13B50009E9289 /* Pinch */ = {
			isa = PBXGroup;
			children = (
				2A2F415828C13FBA009E9289 /* Data */,
				2A2F415728C13FA9009E9289 /* Model */,
				2A2F415628C13F96009E9289 /* Views */,
				2A2F412A28C13B50009E9289 /* PinchApp.swift */,
				2A2F415428C13F70009E9289 /* Screen */,
				2A2F412E28C13B55009E9289 /* Assets.xcassets */,
				2A2F413028C13B55009E9289 /* Preview Content */,
			);
			path = Pinch;
			sourceTree = "<group>";
		};
		2A2F413028C13B55009E9289 /* Preview Content */ = {
			isa = PBXGroup;
			children = (
				2A2F413128C13B55009E9289 /* Preview Assets.xcassets */,
			);
			path = "Preview Content";
			sourceTree = "<group>";
		};
		2A2F413A28C13B55009E9289 /* PinchTests */ = {
			isa = PBXGroup;
			children = (
				2A2F413B28C13B55009E9289 /* PinchTests.swift */,
			);
			path = PinchTests;
			sourceTree = "<group>";
		};
		2A2F414428C13B55009E9289 /* PinchUITests */ = {
			isa = PBXGroup;
			children = (
				2A2F414528C13B55009E9289 /* PinchUITests.swift */,
				2A2F414728C13B55009E9289 /* PinchUITestsLaunchTests.swift */,
			);
			path = PinchUITests;
			sourceTree = "<group>";
		};
		2A2F415428C13F70009E9289 /* Screen */ = {
			isa = PBXGroup;
			children = (
				2A2F412C28C13B50009E9289 /* ContentView.swift */,
			);
			path = Screen;
			sourceTree = "<group>";
		};
		2A2F415628C13F96009E9289 /* Views */ = {
			isa = PBXGroup;
			children = (
				2A58C3AB28C15784005D3BF7 /* InfoPanelView.swift */,
				2A6986C028C5582D0024827F /* ControllsView.swift */,
			);
			path = Views;
			sourceTree = "<group>";
		};
		2A2F415728C13FA9009E9289 /* Model */ = {
			isa = PBXGroup;
			children = (
				2A6680A228C6590C0024D53E /* PageModel.swift */,
			);
			path = Model;
			sourceTree = "<group>";
		};
		2A2F415828C13FBA009E9289 /* Data */ = {
			isa = PBXGroup;
			children = (
				2A6680A428C6597A0024D53E /* PageData.swift */,
			);
			path = Data;
			sourceTree = "<group>";
		};
/* End PBXGroup section */

/* Begin PBXNativeTarget section */
		2A2F412628C13B50009E9289 /* Pinch */ = {
			isa = PBXNativeTarget;
			buildConfigurationList = 2A2F414B28C13B55009E9289 /* Build configuration list for PBXNativeTarget "Pinch" */;
			buildPhases = (
				2A2F412328C13B50009E9289 /* Sources */,
				2A2F412428C13B50009E9289 /* Frameworks */,
				2A2F412528C13B50009E9289 /* Resources */,
			);
			buildRules = (
			);
			dependencies = (
			);
			name = Pinch;
			productName = Pinch;
			productReference = 2A2F412728C13B50009E9289 /* Pinch.app */;
			productType = "com.apple.product-type.application";
		};
		2A2F413628C13B55009E9289 /* PinchTests */ = {
			isa = PBXNativeTarget;
			buildConfigurationList = 2A2F414E28C13B55009E9289 /* Build configuration list for PBXNativeTarget "PinchTests" */;
			buildPhases = (
				2A2F413328C13B55009E9289 /* Sources */,
				2A2F413428C13B55009E9289 /* Frameworks */,
				2A2F413528C13B55009E9289 /* Resources */,
			);
			buildRules = (
			);
			dependencies = (
				2A2F413928C13B55009E9289 /* PBXTargetDependency */,
			);
			name = PinchTests;
			productName = PinchTests;
			productReference = 2A2F413728C13B55009E9289 /* PinchTests.xctest */;
			productType = "com.apple.product-type.bundle.unit-test";
		};
		2A2F414028C13B55009E9289 /* PinchUITests */ = {
			isa = PBXNativeTarget;
			buildConfigurationList = 2A2F415128C13B55009E9289 /* Build configuration list for PBXNativeTarget "PinchUITests" */;
			buildPhases = (
				2A2F413D28C13B55009E9289 /* Sources */,
				2A2F413E28C13B55009E9289 /* Frameworks */,
				2A2F413F28C13B55009E9289 /* Resources */,
			);
			buildRules = (
			);
			dependencies = (
				2A2F414328C13B55009E9289 /* PBXTargetDependency */,
			);
			name = PinchUITests;
			productName = PinchUITests;
			productReference = 2A2F414128C13B55009E9289 /* PinchUITests.xctest */;
			productType = "com.apple.product-type.bundle.ui-testing";
		};
/* End PBXNativeTarget section */

/* Begin PBXProject section */
		2A2F411F28C13B50009E9289 /* Project object */ = {
			isa = PBXProject;
			attributes = {
				BuildIndependentTargetsInParallel = 1;
				LastSwiftUpdateCheck = 1340;
				LastUpgradeCheck = 1340;
				TargetAttributes = {
					2A2F412628C13B50009E9289 = {
						CreatedOnToolsVersion = 13.4.1;
					};
					2A2F413628C13B55009E9289 = {
						CreatedOnToolsVersion = 13.4.1;
						TestTargetID = 2A2F412628C13B50009E9289;
					};
					2A2F414028C13B55009E9289 = {
						CreatedOnToolsVersion = 13.4.1;
						TestTargetID = 2A2F412628C13B50009E9289;
					};
				};
			};
			buildConfigurationList = 2A2F412228C13B50009E9289 /* Build configuration list for PBXProject "Pinch" */;
			compatibilityVersion = "Xcode 13.0";
			developmentRegion = en;
			hasScannedForEncodings = 0;
			knownRegions = (
				en,
				Base,
			);
			mainGroup = 2A2F411E28C13B50009E9289;
			productRefGroup = 2A2F412828C13B50009E9289 /* Products */;
			projectDirPath = "";
			projectRoot = "";
			targets = (
				2A2F412628C13B50009E9289 /* Pinch */,
				2A2F413628C13B55009E9289 /* PinchTests */,
				2A2F414028C13B55009E9289 /* PinchUITests */,
			);
		};
/* End PBXProject section */

/* Begin PBXResourcesBuildPhase section */
		2A2F412528C13B50009E9289 /* Resources */ = {
			isa = PBXResourcesBuildPhase;
			buildActionMask = 2147483647;
			files = (
				2A2F413228C13B55009E9289 /* Preview Assets.xcassets in Resources */,
				2A2F412F28C13B55009E9289 /* Assets.xcassets in Resources */,
			);
			runOnlyForDeploymentPostprocessing = 0;
		};
		2A2F413528C13B55009E9289 /* Resources */ = {
			isa = PBXResourcesBuildPhase;
			buildActionMask = 2147483647;
			files = (
			);
			runOnlyForDeploymentPostprocessing = 0;
		};
		2A2F413F28C13B55009E9289 /* Resources */ = {
			isa = PBXResourcesBuildPhase;
			buildActionMask = 2147483647;
			files = (
			);
			runOnlyForDeploymentPostprocessing = 0;
		};
/* End PBXResourcesBuildPhase section */

/* Begin PBXSourcesBuildPhase section */
		2A2F412328C13B50009E9289 /* Sources */ = {
			isa = PBXSourcesBuildPhase;
			buildActionMask = 2147483647;
			files = (
				2A2F412D28C13B50009E9289 /* ContentView.swift in Sources */,
				2A6680A328C6590C0024D53E /* PageModel.swift in Sources */,
				2A6986C128C5582D0024827F /* ControllsView.swift in Sources */,
				2A2F412B28C13B50009E9289 /* PinchApp.swift in Sources */,
				2A6680A528C6597A0024D53E /* PageData.swift in Sources */,
				2A58C3AC28C15784005D3BF7 /* InfoPanelView.swift in Sources */,
			);
			runOnlyForDeploymentPostprocessing = 0;
		};
		2A2F413328C13B55009E9289 /* Sources */ = {
			isa = PBXSourcesBuildPhase;
			buildActionMask = 2147483647;
			files = (
				2A2F413C28C13B55009E9289 /* PinchTests.swift in Sources */,
			);
			runOnlyForDeploymentPostprocessing = 0;
		};
		2A2F413D28C13B55009E9289 /* Sources */ = {
			isa = PBXSourcesBuildPhase;
			buildActionMask = 2147483647;
			files = (
				2A2F414628C13B55009E9289 /* PinchUITests.swift in Sources */,
				2A2F414828C13B55009E9289 /* PinchUITestsLaunchTests.swift in Sources */,
			);
			runOnlyForDeploymentPostprocessing = 0;
		};
/* End PBXSourcesBuildPhase section */

/* Begin PBXTargetDependency section */
		2A2F413928C13B55009E9289 /* PBXTargetDependency */ = {
			isa = PBXTargetDependency;
			target = 2A2F412628C13B50009E9289 /* Pinch */;
			targetProxy = 2A2F413828C13B55009E9289 /* PBXContainerItemProxy */;
		};
		2A2F414328C13B55009E9289 /* PBXTargetDependency */ = {
			isa = PBXTargetDependency;
			target = 2A2F412628C13B50009E9289 /* Pinch */;
			targetProxy = 2A2F414228C13B55009E9289 /* PBXContainerItemProxy */;
		};
/* End PBXTargetDependency section */

/* Begin XCBuildConfiguration section */
		2A2F414928C13B55009E9289 /* Debug */ = {
			isa = XCBuildConfiguration;
			buildSettings = {
				ALWAYS_SEARCH_USER_PATHS = NO;
				CLANG_ANALYZER_NONNULL = YES;
				CLANG_ANALYZER_NUMBER_OBJECT_CONVERSION = YES_AGGRESSIVE;
				CLANG_CXX_LANGUAGE_STANDARD = "gnu++17";
				CLANG_ENABLE_MODULES = YES;
				CLANG_ENABLE_OBJC_ARC = YES;
				CLANG_ENABLE_OBJC_WEAK = YES;
				CLANG_WARN_BLOCK_CAPTURE_AUTORELEASING = YES;
				CLANG_WARN_BOOL_CONVERSION = YES;
				CLANG_WARN_COMMA = YES;
				CLANG_WARN_CONSTANT_CONVERSION = YES;
				CLANG_WARN_DEPRECATED_OBJC_IMPLEMENTATIONS = YES;
				CLANG_WARN_DIRECT_OBJC_ISA_USAGE = YES_ERROR;
				CLANG_WARN_DOCUMENTATION_COMMENTS = YES;
				CLANG_WARN_EMPTY_BODY = YES;
				CLANG_WARN_ENUM_CONVERSION = YES;
				CLANG_WARN_INFINITE_RECURSION = YES;
				CLANG_WARN_INT_CONVERSION = YES;
				CLANG_WARN_NON_LITERAL_NULL_CONVERSION = YES;
				CLANG_WARN_OBJC_IMPLICIT_RETAIN_SELF = YES;
				CLANG_WARN_OBJC_LITERAL_CONVERSION = YES;
				CLANG_WARN_OBJC_ROOT_CLASS = YES_ERROR;
				CLANG_WARN_QUOTED_INCLUDE_IN_FRAMEWORK_HEADER = YES;
				CLANG_WARN_RANGE_LOOP_ANALYSIS = YES;
				CLANG_WARN_STRICT_PROTOTYPES = YES;
				CLANG_WARN_SUSPICIOUS_MOVE = YES;
				CLANG_WARN_UNGUARDED_AVAILABILITY = YES_AGGRESSIVE;
				CLANG_WARN_UNREACHABLE_CODE = YES;
				CLANG_WARN__DUPLICATE_METHOD_MATCH = YES;
				COPY_PHASE_STRIP = NO;
				DEBUG_INFORMATION_FORMAT = dwarf;
				ENABLE_STRICT_OBJC_MSGSEND = YES;
				ENABLE_TESTABILITY = YES;
				GCC_C_LANGUAGE_STANDARD = gnu11;
				GCC_DYNAMIC_NO_PIC = NO;
				GCC_NO_COMMON_BLOCKS = YES;
				GCC_OPTIMIZATION_LEVEL = 0;
				GCC_PREPROCESSOR_DEFINITIONS = (
					"DEBUG=1",
					"$(inherited)",
				);
				GCC_WARN_64_TO_32_BIT_CONVERSION = YES;
				GCC_WARN_ABOUT_RETURN_TYPE = YES_ERROR;
				GCC_WARN_UNDECLARED_SELECTOR = YES;
				GCC_WARN_UNINITIALIZED_AUTOS = YES_AGGRESSIVE;
				GCC_WARN_UNUSED_FUNCTION = YES;
				GCC_WARN_UNUSED_VARIABLE = YES;
				IPHONEOS_DEPLOYMENT_TARGET = 15.5;
				MTL_ENABLE_DEBUG_INFO = INCLUDE_SOURCE;
				MTL_FAST_MATH = YES;
				ONLY_ACTIVE_ARCH = YES;
				SDKROOT = iphoneos;
				SWIFT_ACTIVE_COMPILATION_CONDITIONS = DEBUG;
				SWIFT_OPTIMIZATION_LEVEL = "-Onone";
			};
			name = Debug;
		};
		2A2F414A28C13B55009E9289 /* Release */ = {
			isa = XCBuildConfiguration;
			buildSettings = {
				ALWAYS_SEARCH_USER_PATHS = NO;
				CLANG_ANALYZER_NONNULL = YES;
				CLANG_ANALYZER_NUMBER_OBJECT_CONVERSION = YES_AGGRESSIVE;
				CLANG_CXX_LANGUAGE_STANDARD = "gnu++17";
				CLANG_ENABLE_MODULES = YES;
				CLANG_ENABLE_OBJC_ARC = YES;
				CLANG_ENABLE_OBJC_WEAK = YES;
				CLANG_WARN_BLOCK_CAPTURE_AUTORELEASING = YES;
				CLANG_WARN_BOOL_CONVERSION = YES;
				CLANG_WARN_COMMA = YES;
				CLANG_WARN_CONSTANT_CONVERSION = YES;
				CLANG_WARN_DEPRECATED_OBJC_IMPLEMENTATIONS = YES;
				CLANG_WARN_DIRECT_OBJC_ISA_USAGE = YES_ERROR;
				CLANG_WARN_DOCUMENTATION_COMMENTS = YES;
				CLANG_WARN_EMPTY_BODY = YES;
				CLANG_WARN_ENUM_CONVERSION = YES;
				CLANG_WARN_INFINITE_RECURSION = YES;
				CLANG_WARN_INT_CONVERSION = YES;
				CLANG_WARN_NON_LITERAL_NULL_CONVERSION = YES;
				CLANG_WARN_OBJC_IMPLICIT_RETAIN_SELF = YES;
				CLANG_WARN_OBJC_LITERAL_CONVERSION = YES;
				CLANG_WARN_OBJC_ROOT_CLASS = YES_ERROR;
				CLANG_WARN_QUOTED_INCLUDE_IN_FRAMEWORK_HEADER = YES;
				CLANG_WARN_RANGE_LOOP_ANALYSIS = YES;
				CLANG_WARN_STRICT_PROTOTYPES = YES;
				CLANG_WARN_SUSPICIOUS_MOVE = YES;
				CLANG_WARN_UNGUARDED_AVAILABILITY = YES_AGGRESSIVE;
				CLANG_WARN_UNREACHABLE_CODE = YES;
				CLANG_WARN__DUPLICATE_METHOD_MATCH = YES;
				COPY_PHASE_STRIP = NO;
				DEBUG_INFORMATION_FORMAT = "dwarf-with-dsym";
				ENABLE_NS_ASSERTIONS = NO;
				ENABLE_STRICT_OBJC_MSGSEND = YES;
				GCC_C_LANGUAGE_STANDARD = gnu11;
				GCC_NO_COMMON_BLOCKS = YES;
				GCC_WARN_64_TO_32_BIT_CONVERSION = YES;
				GCC_WARN_ABOUT_RETURN_TYPE = YES_ERROR;
				GCC_WARN_UNDECLARED_SELECTOR = YES;
				GCC_WARN_UNINITIALIZED_AUTOS = YES_AGGRESSIVE;
				GCC_WARN_UNUSED_FUNCTION = YES;
				GCC_WARN_UNUSED_VARIABLE = YES;
				IPHONEOS_DEPLOYMENT_TARGET = 15.5;
				MTL_ENABLE_DEBUG_INFO = NO;
				MTL_FAST_MATH = YES;
				SDKROOT = iphoneos;
				SWIFT_COMPILATION_MODE = wholemodule;
				SWIFT_OPTIMIZATION_LEVEL = "-O";
				VALIDATE_PRODUCT = YES;
			};
			name = Release;
		};
		2A2F414C28C13B55009E9289 /* Debug */ = {
			isa = XCBuildConfiguration;
			buildSettings = {
				ASSETCATALOG_COMPILER_APPICON_NAME = AppIcon;
				ASSETCATALOG_COMPILER_GLOBAL_ACCENT_COLOR_NAME = AccentColor;
				CODE_SIGN_STYLE = Automatic;
				CURRENT_PROJECT_VERSION = 1;
				DEVELOPMENT_ASSET_PATHS = "\"Pinch/Preview Content\"";
				ENABLE_PREVIEWS = YES;
				GENERATE_INFOPLIST_FILE = YES;
				INFOPLIST_KEY_UIApplicationSceneManifest_Generation = YES;
				INFOPLIST_KEY_UIApplicationSupportsIndirectInputEvents = YES;
				INFOPLIST_KEY_UILaunchScreen_Generation = YES;
				INFOPLIST_KEY_UISupportedInterfaceOrientations = UIInterfaceOrientationPortrait;
				INFOPLIST_KEY_UISupportedInterfaceOrientations_iPad = "UIInterfaceOrientationPortrait UIInterfaceOrientationPortraitUpsideDown UIInterfaceOrientationLandscapeLeft UIInterfaceOrientationLandscapeRight";
				INFOPLIST_KEY_UISupportedInterfaceOrientations_iPhone = UIInterfaceOrientationPortrait;
				LD_RUNPATH_SEARCH_PATHS = (
					"$(inherited)",
					"@executable_path/Frameworks",
				);
				MARKETING_VERSION = 1.0;
				PRODUCT_BUNDLE_IDENTIFIER = era.Pinch;
				PRODUCT_NAME = "$(TARGET_NAME)";
				SWIFT_EMIT_LOC_STRINGS = YES;
				SWIFT_VERSION = 5.0;
				TARGETED_DEVICE_FAMILY = "1,2";
			};
			name = Debug;
		};
		2A2F414D28C13B55009E9289 /* Release */ = {
			isa = XCBuildConfiguration;
			buildSettings = {
				ASSETCATALOG_COMPILER_APPICON_NAME = AppIcon;
				ASSETCATALOG_COMPILER_GLOBAL_ACCENT_COLOR_NAME = AccentColor;
				CODE_SIGN_STYLE = Automatic;
				CURRENT_PROJECT_VERSION = 1;
				DEVELOPMENT_ASSET_PATHS = "\"Pinch/Preview Content\"";
				ENABLE_PREVIEWS = YES;
				GENERATE_INFOPLIST_FILE = YES;
				INFOPLIST_KEY_UIApplicationSceneManifest_Generation = YES;
				INFOPLIST_KEY_UIApplicationSupportsIndirectInputEvents = YES;
				INFOPLIST_KEY_UILaunchScreen_Generation = YES;
				INFOPLIST_KEY_UISupportedInterfaceOrientations = UIInterfaceOrientationPortrait;
				INFOPLIST_KEY_UISupportedInterfaceOrientations_iPad = "UIInterfaceOrientationPortrait UIInterfaceOrientationPortraitUpsideDown UIInterfaceOrientationLandscapeLeft UIInterfaceOrientationLandscapeRight";
				INFOPLIST_KEY_UISupportedInterfaceOrientations_iPhone = UIInterfaceOrientationPortrait;
				LD_RUNPATH_SEARCH_PATHS = (
					"$(inherited)",
					"@executable_path/Frameworks",
				);
				MARKETING_VERSION = 1.0;
				PRODUCT_BUNDLE_IDENTIFIER = era.Pinch;
				PRODUCT_NAME = "$(TARGET_NAME)";
				SWIFT_EMIT_LOC_STRINGS = YES;
				SWIFT_VERSION = 5.0;
				TARGETED_DEVICE_FAMILY = "1,2";
			};
			name = Release;
		};
		2A2F414F28C13B55009E9289 /* Debug */ = {
			isa = XCBuildConfiguration;
			buildSettings = {
				ALWAYS_EMBED_SWIFT_STANDARD_LIBRARIES = YES;
				BUNDLE_LOADER = "$(TEST_HOST)";
				CODE_SIGN_STYLE = Automatic;
				CURRENT_PROJECT_VERSION = 1;
				GENERATE_INFOPLIST_FILE = YES;
				IPHONEOS_DEPLOYMENT_TARGET = 15.5;
				MARKETING_VERSION = 1.0;
				PRODUCT_BUNDLE_IDENTIFIER = era.PinchTests;
				PRODUCT_NAME = "$(TARGET_NAME)";
				SWIFT_EMIT_LOC_STRINGS = NO;
				SWIFT_VERSION = 5.0;
				TARGETED_DEVICE_FAMILY = "1,2";
				TEST_HOST = "$(BUILT_PRODUCTS_DIR)/Pinch.app/Pinch";
			};
			name = Debug;
		};
		2A2F415028C13B55009E9289 /* Release */ = {
			isa = XCBuildConfiguration;
			buildSettings = {
				ALWAYS_EMBED_SWIFT_STANDARD_LIBRARIES = YES;
				BUNDLE_LOADER = "$(TEST_HOST)";
				CODE_SIGN_STYLE = Automatic;
				CURRENT_PROJECT_VERSION = 1;
				GENERATE_INFOPLIST_FILE = YES;
				IPHONEOS_DEPLOYMENT_TARGET = 15.5;
				MARKETING_VERSION = 1.0;
				PRODUCT_BUNDLE_IDENTIFIER = era.PinchTests;
				PRODUCT_NAME = "$(TARGET_NAME)";
				SWIFT_EMIT_LOC_STRINGS = NO;
				SWIFT_VERSION = 5.0;
				TARGETED_DEVICE_FAMILY = "1,2";
				TEST_HOST = "$(BUILT_PRODUCTS_DIR)/Pinch.app/Pinch";
			};
			name = Release;
		};
		2A2F415228C13B55009E9289 /* Debug */ = {
			isa = XCBuildConfiguration;
			buildSettings = {
				ALWAYS_EMBED_SWIFT_STANDARD_LIBRARIES = YES;
				CODE_SIGN_STYLE = Automatic;
				CURRENT_PROJECT_VERSION = 1;
				GENERATE_INFOPLIST_FILE = YES;
				MARKETING_VERSION = 1.0;
				PRODUCT_BUNDLE_IDENTIFIER = era.PinchUITests;
				PRODUCT_NAME = "$(TARGET_NAME)";
				SWIFT_EMIT_LOC_STRINGS = NO;
				SWIFT_VERSION = 5.0;
				TARGETED_DEVICE_FAMILY = "1,2";
				TEST_TARGET_NAME = Pinch;
			};
			name = Debug;
		};
		2A2F415328C13B55009E9289 /* Release */ = {
			isa = XCBuildConfiguration;
			buildSettings = {
				ALWAYS_EMBED_SWIFT_STANDARD_LIBRARIES = YES;
				CODE_SIGN_STYLE = Automatic;
				CURRENT_PROJECT_VERSION = 1;
				GENERATE_INFOPLIST_FILE = YES;
				MARKETING_VERSION = 1.0;
				PRODUCT_BUNDLE_IDENTIFIER = era.PinchUITests;
				PRODUCT_NAME = "$(TARGET_NAME)";
				SWIFT_EMIT_LOC_STRINGS = NO;
				SWIFT_VERSION = 5.0;
				TARGETED_DEVICE_FAMILY = "1,2";
				TEST_TARGET_NAME = Pinch;
			};
			name = Release;
		};
/* End XCBuildConfiguration section */

/* Begin XCConfigurationList section */
		2A2F412228C13B50009E9289 /* Build configuration list for PBXProject "Pinch" */ = {
			isa = XCConfigurationList;
			buildConfigurations = (
				2A2F414928C13B55009E9289 /* Debug */,
				2A2F414A28C13B55009E9289 /* Release */,
			);
			defaultConfigurationIsVisible = 0;
			defaultConfigurationName = Release;
		};
		2A2F414B28C13B55009E9289 /* Build configuration list for PBXNativeTarget "Pinch" */ = {
			isa = XCConfigurationList;
			buildConfigurations = (
				2A2F414C28C13B55009E9289 /* Debug */,
				2A2F414D28C13B55009E9289 /* Release */,
			);
			defaultConfigurationIsVisible = 0;
			defaultConfigurationName = Release;
		};
		2A2F414E28C13B55009E9289 /* Build configuration list for PBXNativeTarget "PinchTests" */ = {
			isa = XCConfigurationList;
			buildConfigurations = (
				2A2F414F28C13B55009E9289 /* Debug */,
				2A2F415028C13B55009E9289 /* Release */,
			);
			defaultConfigurationIsVisible = 0;
			defaultConfigurationName = Release;
		};
		2A2F415128C13B55009E9289 /* Build configuration list for PBXNativeTarget "PinchUITests" */ = {
			isa = XCConfigurationList;
			buildConfigurations = (
				2A2F415228C13B55009E9289 /* Debug */,
				2A2F415328C13B55009E9289 /* Release */,
			);
			defaultConfigurationIsVisible = 0;
			defaultConfigurationName = Release;
		};
/* End XCConfigurationList section */
	};
	rootObject = 2A2F411F28C13B50009E9289 /* Project object */;
}
